// !$*UTF8*$!
{
	archiveVersion = 1;
	classes = {
	};
	objectVersion = 56;
	objects = {

/* Begin PBXBuildFile section */
		3B4F0D512B0767BC00B7590E /* AppDelegate.swift in Sources */ = {isa = PBXBuildFile; fileRef = 3B4F0D502B0767BC00B7590E /* AppDelegate.swift */; };
		3B4F0D532B0767BC00B7590E /* SceneDelegate.swift in Sources */ = {isa = PBXBuildFile; fileRef = 3B4F0D522B0767BC00B7590E /* SceneDelegate.swift */; };
		3B4F0D582B0767BC00B7590E /* Main.storyboard in Resources */ = {isa = PBXBuildFile; fileRef = 3B4F0D562B0767BC00B7590E /* Main.storyboard */; };
		3B4F0D5A2B0767BC00B7590E /* Assets.xcassets in Resources */ = {isa = PBXBuildFile; fileRef = 3B4F0D592B0767BC00B7590E /* Assets.xcassets */; };
		3B4F0D5D2B0767BC00B7590E /* LaunchScreen.storyboard in Resources */ = {isa = PBXBuildFile; fileRef = 3B4F0D5B2B0767BC00B7590E /* LaunchScreen.storyboard */; };
		3B4F0D652B07A68800B7590E /* WelcomePage.swift in Sources */ = {isa = PBXBuildFile; fileRef = 3B4F0D642B07A68800B7590E /* WelcomePage.swift */; };
		3B4F0D672B07B37900B7590E /* HomePage.swift in Sources */ = {isa = PBXBuildFile; fileRef = 3B4F0D662B07B37900B7590E /* HomePage.swift */; };
		3B4F0D692B08A3EB00B7590E /* AboutUsPage.swift in Sources */ = {isa = PBXBuildFile; fileRef = 3B4F0D682B08A3EB00B7590E /* AboutUsPage.swift */; };
		3B4F0D6B2B0A299A00B7590E /* GoogleService-Info.plist in Resources */ = {isa = PBXBuildFile; fileRef = 3B4F0D6A2B0A299A00B7590E /* GoogleService-Info.plist */; };
		3B4F0D6E2B0A2B0500B7590E /* FirebaseMessaging in Frameworks */ = {isa = PBXBuildFile; productRef = 3B4F0D6D2B0A2B0500B7590E /* FirebaseMessaging */; };
		3B72316C2B0BC76500527B4A /* sub.caf in Resources */ = {isa = PBXBuildFile; fileRef = 3B72316A2B0BC71900527B4A /* sub.caf */; };
		3B72316E2B0BCA0700527B4A /* goal-horn-short.wav in Resources */ = {isa = PBXBuildFile; fileRef = 3B72316D2B0BCA0700527B4A /* goal-horn-short.wav */; };
		3B7231702B0BCAC900527B4A /* Constants.swift in Sources */ = {isa = PBXBuildFile; fileRef = 3B72316F2B0BCAC900527B4A /* Constants.swift */; };
		3B7231722B0BCF2200527B4A /* goal-horn-long.wav in Resources */ = {isa = PBXBuildFile; fileRef = 3B7231712B0BCF2200527B4A /* goal-horn-long.wav */; };
		3B9918E62B136AF400C24934 /* HistoryPage.swift in Sources */ = {isa = PBXBuildFile; fileRef = 3B9918E52B136AF400C24934 /* HistoryPage.swift */; };
		3B9918EA2B136C9700C24934 /* HistoryTableViewCell.swift in Sources */ = {isa = PBXBuildFile; fileRef = 3B9918E92B136C9700C24934 /* HistoryTableViewCell.swift */; };
		3B9918ED2B137CB700C24934 /* DataHistory.xcdatamodeld in Sources */ = {isa = PBXBuildFile; fileRef = 3B9918EB2B137CB700C24934 /* DataHistory.xcdatamodeld */; };
		3B9918F02B1381B800C24934 /* HistoryModel+CoreDataClass.swift in Sources */ = {isa = PBXBuildFile; fileRef = 3B9918EE2B1381B800C24934 /* HistoryModel+CoreDataClass.swift */; };
		3B9918F12B1381B800C24934 /* HistoryModel+CoreDataProperties.swift in Sources */ = {isa = PBXBuildFile; fileRef = 3B9918EF2B1381B800C24934 /* HistoryModel+CoreDataProperties.swift */; };
/* End PBXBuildFile section */

/* Begin PBXFileReference section */
		3B4F0D4D2B0767BC00B7590E /* AlertWise.app */ = {isa = PBXFileReference; explicitFileType = wrapper.application; includeInIndex = 0; path = AlertWise.app; sourceTree = BUILT_PRODUCTS_DIR; };
		3B4F0D502B0767BC00B7590E /* AppDelegate.swift */ = {isa = PBXFileReference; lastKnownFileType = sourcecode.swift; path = AppDelegate.swift; sourceTree = "<group>"; };
		3B4F0D522B0767BC00B7590E /* SceneDelegate.swift */ = {isa = PBXFileReference; lastKnownFileType = sourcecode.swift; path = SceneDelegate.swift; sourceTree = "<group>"; };
		3B4F0D572B0767BC00B7590E /* Base */ = {isa = PBXFileReference; lastKnownFileType = file.storyboard; name = Base; path = Base.lproj/Main.storyboard; sourceTree = "<group>"; };
		3B4F0D592B0767BC00B7590E /* Assets.xcassets */ = {isa = PBXFileReference; lastKnownFileType = folder.assetcatalog; path = Assets.xcassets; sourceTree = "<group>"; };
		3B4F0D5C2B0767BC00B7590E /* Base */ = {isa = PBXFileReference; lastKnownFileType = file.storyboard; name = Base; path = Base.lproj/LaunchScreen.storyboard; sourceTree = "<group>"; };
		3B4F0D5E2B0767BC00B7590E /* Info.plist */ = {isa = PBXFileReference; lastKnownFileType = text.plist.xml; path = Info.plist; sourceTree = "<group>"; };
		3B4F0D642B07A68800B7590E /* WelcomePage.swift */ = {isa = PBXFileReference; lastKnownFileType = sourcecode.swift; path = WelcomePage.swift; sourceTree = "<group>"; };
		3B4F0D662B07B37900B7590E /* HomePage.swift */ = {isa = PBXFileReference; lastKnownFileType = sourcecode.swift; path = HomePage.swift; sourceTree = "<group>"; };
		3B4F0D682B08A3EB00B7590E /* AboutUsPage.swift */ = {isa = PBXFileReference; lastKnownFileType = sourcecode.swift; path = AboutUsPage.swift; sourceTree = "<group>"; };
		3B4F0D6A2B0A299A00B7590E /* GoogleService-Info.plist */ = {isa = PBXFileReference; fileEncoding = 4; lastKnownFileType = text.plist.xml; path = "GoogleService-Info.plist"; sourceTree = "<group>"; };
		3B4F0D6F2B0A2E3E00B7590E /* AlertWise.entitlements */ = {isa = PBXFileReference; lastKnownFileType = text.plist.entitlements; path = AlertWise.entitlements; sourceTree = "<group>"; };
		3B72316A2B0BC71900527B4A /* sub.caf */ = {isa = PBXFileReference; lastKnownFileType = file; path = sub.caf; sourceTree = "<group>"; };
		3B72316D2B0BCA0700527B4A /* goal-horn-short.wav */ = {isa = PBXFileReference; lastKnownFileType = audio.wav; path = "goal-horn-short.wav"; sourceTree = "<group>"; };
		3B72316F2B0BCAC900527B4A /* Constants.swift */ = {isa = PBXFileReference; lastKnownFileType = sourcecode.swift; path = Constants.swift; sourceTree = "<group>"; };
		3B7231712B0BCF2200527B4A /* goal-horn-long.wav */ = {isa = PBXFileReference; lastKnownFileType = audio.wav; path = "goal-horn-long.wav"; sourceTree = "<group>"; };
		3B9918E52B136AF400C24934 /* HistoryPage.swift */ = {isa = PBXFileReference; lastKnownFileType = sourcecode.swift; path = HistoryPage.swift; sourceTree = "<group>"; };
		3B9918E92B136C9700C24934 /* HistoryTableViewCell.swift */ = {isa = PBXFileReference; lastKnownFileType = sourcecode.swift; path = HistoryTableViewCell.swift; sourceTree = "<group>"; };
		3B9918EC2B137CB700C24934 /* DataHistory.xcdatamodel */ = {isa = PBXFileReference; lastKnownFileType = wrapper.xcdatamodel; path = DataHistory.xcdatamodel; sourceTree = "<group>"; };
		3B9918EE2B1381B800C24934 /* HistoryModel+CoreDataClass.swift */ = {isa = PBXFileReference; lastKnownFileType = sourcecode.swift; path = "HistoryModel+CoreDataClass.swift"; sourceTree = "<group>"; };
		3B9918EF2B1381B800C24934 /* HistoryModel+CoreDataProperties.swift */ = {isa = PBXFileReference; lastKnownFileType = sourcecode.swift; path = "HistoryModel+CoreDataProperties.swift"; sourceTree = "<group>"; };
/* End PBXFileReference section */

/* Begin PBXFrameworksBuildPhase section */
		3B4F0D4A2B0767BC00B7590E /* Frameworks */ = {
			isa = PBXFrameworksBuildPhase;
			buildActionMask = 2147483647;
			files = (
				3B4F0D6E2B0A2B0500B7590E /* FirebaseMessaging in Frameworks */,
			);
			runOnlyForDeploymentPostprocessing = 0;
		};
/* End PBXFrameworksBuildPhase section */

/* Begin PBXGroup section */
		3B4F0D442B0767BB00B7590E = {
			isa = PBXGroup;
			children = (
				3B4F0D4F2B0767BC00B7590E /* AlertWise */,
				3B4F0D4E2B0767BC00B7590E /* Products */,
			);
			sourceTree = "<group>";
		};
		3B4F0D4E2B0767BC00B7590E /* Products */ = {
			isa = PBXGroup;
			children = (
				3B4F0D4D2B0767BC00B7590E /* AlertWise.app */,
			);
			name = Products;
			sourceTree = "<group>";
		};
		3B4F0D4F2B0767BC00B7590E /* AlertWise */ = {
			isa = PBXGroup;
			children = (
				3B7231672B0BC31E00527B4A /* Library */,
				3B4F0D562B0767BC00B7590E /* Main.storyboard */,
				3B4F0D5B2B0767BC00B7590E /* LaunchScreen.storyboard */,
				3B4F0D6F2B0A2E3E00B7590E /* AlertWise.entitlements */,
				3B4F0D5E2B0767BC00B7590E /* Info.plist */,
				3B4F0D6A2B0A299A00B7590E /* GoogleService-Info.plist */,
				3B4F0D592B0767BC00B7590E /* Assets.xcassets */,
				3B9918EB2B137CB700C24934 /* DataHistory.xcdatamodeld */,
				3B9918EE2B1381B800C24934 /* HistoryModel+CoreDataClass.swift */,
				3B9918EF2B1381B800C24934 /* HistoryModel+CoreDataProperties.swift */,
				3B4F0D502B0767BC00B7590E /* AppDelegate.swift */,
				3B4F0D522B0767BC00B7590E /* SceneDelegate.swift */,
				3B9918E52B136AF400C24934 /* HistoryPage.swift */,
				3B9918E92B136C9700C24934 /* HistoryTableViewCell.swift */,
				3B4F0D642B07A68800B7590E /* WelcomePage.swift */,
				3B4F0D662B07B37900B7590E /* HomePage.swift */,
				3B4F0D682B08A3EB00B7590E /* AboutUsPage.swift */,
				3B72316F2B0BCAC900527B4A /* Constants.swift */,
			);
			path = AlertWise;
			sourceTree = "<group>";
		};
		3B7231672B0BC31E00527B4A /* Library */ = {
			isa = PBXGroup;
			children = (
				3B7231682B0BC32400527B4A /* Sounds */,
			);
			path = Library;
			sourceTree = "<group>";
		};
		3B7231682B0BC32400527B4A /* Sounds */ = {
			isa = PBXGroup;
			children = (
				3B72316A2B0BC71900527B4A /* sub.caf */,
				3B72316D2B0BCA0700527B4A /* goal-horn-short.wav */,
				3B7231712B0BCF2200527B4A /* goal-horn-long.wav */,
			);
			path = Sounds;
			sourceTree = "<group>";
		};
/* End PBXGroup section */

/* Begin PBXNativeTarget section */
		3B4F0D4C2B0767BC00B7590E /* AlertWise */ = {
			isa = PBXNativeTarget;
			buildConfigurationList = 3B4F0D612B0767BC00B7590E /* Build configuration list for PBXNativeTarget "AlertWise" */;
			buildPhases = (
				3B4F0D492B0767BC00B7590E /* Sources */,
				3B4F0D4A2B0767BC00B7590E /* Frameworks */,
				3B4F0D4B2B0767BC00B7590E /* Resources */,
			);
			buildRules = (
			);
			dependencies = (
			);
			name = AlertWise;
			packageProductDependencies = (
				3B4F0D6D2B0A2B0500B7590E /* FirebaseMessaging */,
			);
			productName = "IOT Project";
			productReference = 3B4F0D4D2B0767BC00B7590E /* AlertWise.app */;
			productType = "com.apple.product-type.application";
		};
/* End PBXNativeTarget section */

/* Begin PBXProject section */
		3B4F0D452B0767BB00B7590E /* Project object */ = {
			isa = PBXProject;
			attributes = {
				BuildIndependentTargetsInParallel = 1;
				LastSwiftUpdateCheck = 1430;
				LastUpgradeCheck = 1500;
				TargetAttributes = {
					3B4F0D4C2B0767BC00B7590E = {
						CreatedOnToolsVersion = 14.3.1;
					};
				};
			};
			buildConfigurationList = 3B4F0D482B0767BB00B7590E /* Build configuration list for PBXProject "AlertWise" */;
			compatibilityVersion = "Xcode 14.0";
			developmentRegion = en;
			hasScannedForEncodings = 0;
			knownRegions = (
				en,
				Base,
			);
			mainGroup = 3B4F0D442B0767BB00B7590E;
			packageReferences = (
				3B4F0D6C2B0A2B0500B7590E /* XCRemoteSwiftPackageReference "firebase-ios-sdk" */,
			);
			productRefGroup = 3B4F0D4E2B0767BC00B7590E /* Products */;
			projectDirPath = "";
			projectRoot = "";
			targets = (
				3B4F0D4C2B0767BC00B7590E /* AlertWise */,
			);
		};
/* End PBXProject section */

/* Begin PBXResourcesBuildPhase section */
		3B4F0D4B2B0767BC00B7590E /* Resources */ = {
			isa = PBXResourcesBuildPhase;
			buildActionMask = 2147483647;
			files = (
				3B4F0D5D2B0767BC00B7590E /* LaunchScreen.storyboard in Resources */,
				3B72316E2B0BCA0700527B4A /* goal-horn-short.wav in Resources */,
				3B4F0D6B2B0A299A00B7590E /* GoogleService-Info.plist in Resources */,
				3B7231722B0BCF2200527B4A /* goal-horn-long.wav in Resources */,
				3B4F0D5A2B0767BC00B7590E /* Assets.xcassets in Resources */,
				3B72316C2B0BC76500527B4A /* sub.caf in Resources */,
				3B4F0D582B0767BC00B7590E /* Main.storyboard in Resources */,
			);
			runOnlyForDeploymentPostprocessing = 0;
		};
/* End PBXResourcesBuildPhase section */

/* Begin PBXSourcesBuildPhase section */
		3B4F0D492B0767BC00B7590E /* Sources */ = {
			isa = PBXSourcesBuildPhase;
			buildActionMask = 2147483647;
			files = (
				3B4F0D672B07B37900B7590E /* HomePage.swift in Sources */,
				3B9918F02B1381B800C24934 /* HistoryModel+CoreDataClass.swift in Sources */,
				3B4F0D692B08A3EB00B7590E /* AboutUsPage.swift in Sources */,
				3B9918EA2B136C9700C24934 /* HistoryTableViewCell.swift in Sources */,
				3B9918E62B136AF400C24934 /* HistoryPage.swift in Sources */,
				3B4F0D652B07A68800B7590E /* WelcomePage.swift in Sources */,
				3B7231702B0BCAC900527B4A /* Constants.swift in Sources */,
				3B4F0D512B0767BC00B7590E /* AppDelegate.swift in Sources */,
				3B9918ED2B137CB700C24934 /* DataHistory.xcdatamodeld in Sources */,
				3B9918F12B1381B800C24934 /* HistoryModel+CoreDataProperties.swift in Sources */,
				3B4F0D532B0767BC00B7590E /* SceneDelegate.swift in Sources */,
			);
			runOnlyForDeploymentPostprocessing = 0;
		};
/* End PBXSourcesBuildPhase section */

/* Begin PBXVariantGroup section */
		3B4F0D562B0767BC00B7590E /* Main.storyboard */ = {
			isa = PBXVariantGroup;
			children = (
				3B4F0D572B0767BC00B7590E /* Base */,
			);
			name = Main.storyboard;
			sourceTree = "<group>";
		};
		3B4F0D5B2B0767BC00B7590E /* LaunchScreen.storyboard */ = {
			isa = PBXVariantGroup;
			children = (
				3B4F0D5C2B0767BC00B7590E /* Base */,
			);
			name = LaunchScreen.storyboard;
			sourceTree = "<group>";
		};
/* End PBXVariantGroup section */

/* Begin XCBuildConfiguration section */
		3B4F0D5F2B0767BC00B7590E /* Debug */ = {
			isa = XCBuildConfiguration;
			buildSettings = {
				ALWAYS_SEARCH_USER_PATHS = NO;
				CLANG_ANALYZER_NONNULL = YES;
				CLANG_ANALYZER_NUMBER_OBJECT_CONVERSION = YES_AGGRESSIVE;
				CLANG_CXX_LANGUAGE_STANDARD = "gnu++20";
				CLANG_ENABLE_MODULES = YES;
				CLANG_ENABLE_OBJC_ARC = YES;
				CLANG_ENABLE_OBJC_WEAK = YES;
				CLANG_WARN_BLOCK_CAPTURE_AUTORELEASING = YES;
				CLANG_WARN_BOOL_CONVERSION = YES;
				CLANG_WARN_COMMA = YES;
				CLANG_WARN_CONSTANT_CONVERSION = YES;
				CLANG_WARN_DEPRECATED_OBJC_IMPLEMENTATIONS = YES;
				CLANG_WARN_DIRECT_OBJC_ISA_USAGE = YES_ERROR;
				CLANG_WARN_DOCUMENTATION_COMMENTS = YES;
				CLANG_WARN_EMPTY_BODY = YES;
				CLANG_WARN_ENUM_CONVERSION = YES;
				CLANG_WARN_INFINITE_RECURSION = YES;
				CLANG_WARN_INT_CONVERSION = YES;
				CLANG_WARN_NON_LITERAL_NULL_CONVERSION = YES;
				CLANG_WARN_OBJC_IMPLICIT_RETAIN_SELF = YES;
				CLANG_WARN_OBJC_LITERAL_CONVERSION = YES;
				CLANG_WARN_OBJC_ROOT_CLASS = YES_ERROR;
				CLANG_WARN_QUOTED_INCLUDE_IN_FRAMEWORK_HEADER = YES;
				CLANG_WARN_RANGE_LOOP_ANALYSIS = YES;
				CLANG_WARN_STRICT_PROTOTYPES = YES;
				CLANG_WARN_SUSPICIOUS_MOVE = YES;
				CLANG_WARN_UNGUARDED_AVAILABILITY = YES_AGGRESSIVE;
				CLANG_WARN_UNREACHABLE_CODE = YES;
				CLANG_WARN__DUPLICATE_METHOD_MATCH = YES;
				COPY_PHASE_STRIP = NO;
				DEBUG_INFORMATION_FORMAT = dwarf;
				ENABLE_STRICT_OBJC_MSGSEND = YES;
				ENABLE_TESTABILITY = YES;
				ENABLE_USER_SCRIPT_SANDBOXING = YES;
				GCC_C_LANGUAGE_STANDARD = gnu11;
				GCC_DYNAMIC_NO_PIC = NO;
				GCC_NO_COMMON_BLOCKS = YES;
				GCC_OPTIMIZATION_LEVEL = 0;
				GCC_PREPROCESSOR_DEFINITIONS = (
					"DEBUG=1",
					"$(inherited)",
				);
				GCC_WARN_64_TO_32_BIT_CONVERSION = YES;
				GCC_WARN_ABOUT_RETURN_TYPE = YES_ERROR;
				GCC_WARN_UNDECLARED_SELECTOR = YES;
				GCC_WARN_UNINITIALIZED_AUTOS = YES_AGGRESSIVE;
				GCC_WARN_UNUSED_FUNCTION = YES;
				GCC_WARN_UNUSED_VARIABLE = YES;
				IPHONEOS_DEPLOYMENT_TARGET = 16.4;
				MTL_ENABLE_DEBUG_INFO = INCLUDE_SOURCE;
				MTL_FAST_MATH = YES;
				ONLY_ACTIVE_ARCH = YES;
				SDKROOT = iphoneos;
				SWIFT_ACTIVE_COMPILATION_CONDITIONS = DEBUG;
				SWIFT_OPTIMIZATION_LEVEL = "-Onone";
			};
			name = Debug;
		};
		3B4F0D602B0767BC00B7590E /* Release */ = {
			isa = XCBuildConfiguration;
			buildSettings = {
				ALWAYS_SEARCH_USER_PATHS = NO;
				CLANG_ANALYZER_NONNULL = YES;
				CLANG_ANALYZER_NUMBER_OBJECT_CONVERSION = YES_AGGRESSIVE;
				CLANG_CXX_LANGUAGE_STANDARD = "gnu++20";
				CLANG_ENABLE_MODULES = YES;
				CLANG_ENABLE_OBJC_ARC = YES;
				CLANG_ENABLE_OBJC_WEAK = YES;
				CLANG_WARN_BLOCK_CAPTURE_AUTORELEASING = YES;
				CLANG_WARN_BOOL_CONVERSION = YES;
				CLANG_WARN_COMMA = YES;
				CLANG_WARN_CONSTANT_CONVERSION = YES;
				CLANG_WARN_DEPRECATED_OBJC_IMPLEMENTATIONS = YES;
				CLANG_WARN_DIRECT_OBJC_ISA_USAGE = YES_ERROR;
				CLANG_WARN_DOCUMENTATION_COMMENTS = YES;
				CLANG_WARN_EMPTY_BODY = YES;
				CLANG_WARN_ENUM_CONVERSION = YES;
				CLANG_WARN_INFINITE_RECURSION = YES;
				CLANG_WARN_INT_CONVERSION = YES;
				CLANG_WARN_NON_LITERAL_NULL_CONVERSION = YES;
				CLANG_WARN_OBJC_IMPLICIT_RETAIN_SELF = YES;
				CLANG_WARN_OBJC_LITERAL_CONVERSION = YES;
				CLANG_WARN_OBJC_ROOT_CLASS = YES_ERROR;
				CLANG_WARN_QUOTED_INCLUDE_IN_FRAMEWORK_HEADER = YES;
				CLANG_WARN_RANGE_LOOP_ANALYSIS = YES;
				CLANG_WARN_STRICT_PROTOTYPES = YES;
				CLANG_WARN_SUSPICIOUS_MOVE = YES;
				CLANG_WARN_UNGUARDED_AVAILABILITY = YES_AGGRESSIVE;
				CLANG_WARN_UNREACHABLE_CODE = YES;
				CLANG_WARN__DUPLICATE_METHOD_MATCH = YES;
				COPY_PHASE_STRIP = NO;
				DEBUG_INFORMATION_FORMAT = "dwarf-with-dsym";
				ENABLE_NS_ASSERTIONS = NO;
				ENABLE_STRICT_OBJC_MSGSEND = YES;
				ENABLE_USER_SCRIPT_SANDBOXING = YES;
				GCC_C_LANGUAGE_STANDARD = gnu11;
				GCC_NO_COMMON_BLOCKS = YES;
				GCC_WARN_64_TO_32_BIT_CONVERSION = YES;
				GCC_WARN_ABOUT_RETURN_TYPE = YES_ERROR;
				GCC_WARN_UNDECLARED_SELECTOR = YES;
				GCC_WARN_UNINITIALIZED_AUTOS = YES_AGGRESSIVE;
				GCC_WARN_UNUSED_FUNCTION = YES;
				GCC_WARN_UNUSED_VARIABLE = YES;
				IPHONEOS_DEPLOYMENT_TARGET = 16.4;
				MTL_ENABLE_DEBUG_INFO = NO;
				MTL_FAST_MATH = YES;
				SDKROOT = iphoneos;
				SWIFT_COMPILATION_MODE = wholemodule;
				SWIFT_OPTIMIZATION_LEVEL = "-O";
				VALIDATE_PRODUCT = YES;
			};
			name = Release;
		};
		3B4F0D622B0767BC00B7590E /* Debug */ = {
			isa = XCBuildConfiguration;
			buildSettings = {
				ASSETCATALOG_COMPILER_APPICON_NAME = AppIcon;
				ASSETCATALOG_COMPILER_GLOBAL_ACCENT_COLOR_NAME = AccentColor;
				CODE_SIGN_ENTITLEMENTS = AlertWise/AlertWise.entitlements;
				CODE_SIGN_IDENTITY = "Apple Development";
				CODE_SIGN_STYLE = Automatic;
				CURRENT_PROJECT_VERSION = 1;
				DEVELOPMENT_TEAM = YFHWVSQVD7;
				GENERATE_INFOPLIST_FILE = YES;
				INFOPLIST_FILE = AlertWise/Info.plist;
				INFOPLIST_KEY_UIApplicationSupportsIndirectInputEvents = YES;
				INFOPLIST_KEY_UILaunchStoryboardName = LaunchScreen;
				INFOPLIST_KEY_UIMainStoryboardFile = Main;
				INFOPLIST_KEY_UISupportedInterfaceOrientations_iPad = "UIInterfaceOrientationPortrait UIInterfaceOrientationPortraitUpsideDown UIInterfaceOrientationLandscapeLeft UIInterfaceOrientationLandscapeRight";
				INFOPLIST_KEY_UISupportedInterfaceOrientations_iPhone = "UIInterfaceOrientationPortrait UIInterfaceOrientationLandscapeLeft UIInterfaceOrientationLandscapeRight";
				IPHONEOS_DEPLOYMENT_TARGET = 15.0;
				LD_RUNPATH_SEARCH_PATHS = (
					"$(inherited)",
					"@executable_path/Frameworks",
				);
				MARKETING_VERSION = 1.0;
				PRODUCT_BUNDLE_IDENTIFIER = "com.williamchrisandy.IOT-Project";
				PRODUCT_NAME = "$(TARGET_NAME)";
				PROVISIONING_PROFILE_SPECIFIER = "";
				SWIFT_EMIT_LOC_STRINGS = YES;
				SWIFT_VERSION = 5.0;
				TARGETED_DEVICE_FAMILY = "1,2";
			};
			name = Debug;
		};
		3B4F0D632B0767BC00B7590E /* Release */ = {
			isa = XCBuildConfiguration;
			buildSettings = {
				ASSETCATALOG_COMPILER_APPICON_NAME = AppIcon;
				ASSETCATALOG_COMPILER_GLOBAL_ACCENT_COLOR_NAME = AccentColor;
				CODE_SIGN_ENTITLEMENTS = AlertWise/AlertWise.entitlements;
				CODE_SIGN_IDENTITY = "Apple Development";
				CODE_SIGN_STYLE = Automatic;
				CURRENT_PROJECT_VERSION = 1;
				DEVELOPMENT_TEAM = YFHWVSQVD7;
				GENERATE_INFOPLIST_FILE = YES;
				INFOPLIST_FILE = AlertWise/Info.plist;
				INFOPLIST_KEY_UIApplicationSupportsIndirectInputEvents = YES;
				INFOPLIST_KEY_UILaunchStoryboardName = LaunchScreen;
				INFOPLIST_KEY_UIMainStoryboardFile = Main;
				INFOPLIST_KEY_UISupportedInterfaceOrientations_iPad = "UIInterfaceOrientationPortrait UIInterfaceOrientationPortraitUpsideDown UIInterfaceOrientationLandscapeLeft UIInterfaceOrientationLandscapeRight";
				INFOPLIST_KEY_UISupportedInterfaceOrientations_iPhone = "UIInterfaceOrientationPortrait UIInterfaceOrientationLandscapeLeft UIInterfaceOrientationLandscapeRight";
				IPHONEOS_DEPLOYMENT_TARGET = 15.0;
				LD_RUNPATH_SEARCH_PATHS = (
					"$(inherited)",
					"@executable_path/Frameworks",
				);
				MARKETING_VERSION = 1.0;
				PRODUCT_BUNDLE_IDENTIFIER = "com.williamchrisandy.IOT-Project";
				PRODUCT_NAME = "$(TARGET_NAME)";
				PROVISIONING_PROFILE_SPECIFIER = "";
				SWIFT_EMIT_LOC_STRINGS = YES;
				SWIFT_VERSION = 5.0;
				TARGETED_DEVICE_FAMILY = "1,2";
			};
			name = Release;
		};
/* End XCBuildConfiguration section */

/* Begin XCConfigurationList section */
		3B4F0D482B0767BB00B7590E /* Build configuration list for PBXProject "AlertWise" */ = {
			isa = XCConfigurationList;
			buildConfigurations = (
				3B4F0D5F2B0767BC00B7590E /* Debug */,
				3B4F0D602B0767BC00B7590E /* Release */,
			);
			defaultConfigurationIsVisible = 0;
			defaultConfigurationName = Release;
		};
		3B4F0D612B0767BC00B7590E /* Build configuration list for PBXNativeTarget "AlertWise" */ = {
			isa = XCConfigurationList;
			buildConfigurations = (
				3B4F0D622B0767BC00B7590E /* Debug */,
				3B4F0D632B0767BC00B7590E /* Release */,
			);
			defaultConfigurationIsVisible = 0;
			defaultConfigurationName = Release;
		};
/* End XCConfigurationList section */

/* Begin XCRemoteSwiftPackageReference section */
		3B4F0D6C2B0A2B0500B7590E /* XCRemoteSwiftPackageReference "firebase-ios-sdk" */ = {
			isa = XCRemoteSwiftPackageReference;
			repositoryURL = "https://github.com/firebase/firebase-ios-sdk";
			requirement = {
				kind = upToNextMajorVersion;
				minimumVersion = 10.0.0;
			};
		};
/* End XCRemoteSwiftPackageReference section */

/* Begin XCSwiftPackageProductDependency section */
		3B4F0D6D2B0A2B0500B7590E /* FirebaseMessaging */ = {
			isa = XCSwiftPackageProductDependency;
			package = 3B4F0D6C2B0A2B0500B7590E /* XCRemoteSwiftPackageReference "firebase-ios-sdk" */;
			productName = FirebaseMessaging;
		};
/* End XCSwiftPackageProductDependency section */

/* Begin XCVersionGroup section */
		3B9918EB2B137CB700C24934 /* DataHistory.xcdatamodeld */ = {
			isa = XCVersionGroup;
			children = (
				3B9918EC2B137CB700C24934 /* DataHistory.xcdatamodel */,
			);
			currentVersion = 3B9918EC2B137CB700C24934 /* DataHistory.xcdatamodel */;
			path = DataHistory.xcdatamodeld;
			sourceTree = "<group>";
			versionGroupType = wrapper.xcdatamodel;
		};
/* End XCVersionGroup section */
	};
	rootObject = 3B4F0D452B0767BB00B7590E /* Project object */;
}
